{
  "object": {
    "pins": [
      {
        "package": "CUIPreviewKit",
        "repositoryURL": "https://github.com/robhasacamera/CUIPreviewKit.git",
        "state": {
          "branch": null,
          "revision": "e15c660bbcf76fc5e4274e3d45bb015ca024aa28",
          "version": "0.1.1"
        }
      }
    ]
  },
  "version": 1
}
